
Microsoft Visual Studio Solution File, Format Version 11.00
# Visual Studio 2010
Project("{FAE04EC0-301F-11D3-BF4B-00C04F79EFBC}") = "Assembly-CSharp", "Assembly-CSharp.csproj", "{b7c1de49-f13d-4ebe-a459-44a7c01ba1b8}"
EndProject
Project("{FAE04EC0-301F-11D3-BF4B-00C04F79EFBC}") = "Assembly-CSharp-Editor", "Assembly-CSharp-Editor.csproj", "{7ac40fae-a8b2-4b9a-8a5c-dc34d5e2dc7f}"
EndProject
Project("{FAE04EC0-301F-11D3-BF4B-00C04F79EFBC}") = "Assembly-CSharp-Editor-firstpass", "Assembly-CSharp-Editor-firstpass.csproj", "{2649f638-4d9a-fccc-7115-6fd42deafe17}"
EndProject
Global
	GlobalSection(SolutionConfigurationPlatforms) = preSolution
		Debug|Any CPU = Debug|Any CPU
		Release|Any CPU = Release|Any CPU
	EndGlobalSection
	GlobalSection(ProjectConfigurationPlatforms) = postSolution
		{b7c1de49-f13d-4ebe-a459-44a7c01ba1b8}.Debug|Any CPU.ActiveCfg = Debug|Any CPU
		{b7c1de49-f13d-4ebe-a459-44a7c01ba1b8}.Debug|Any CPU.Build.0 = Debug|Any CPU
		{b7c1de49-f13d-4ebe-a459-44a7c01ba1b8}.Release|Any CPU.ActiveCfg = Release|Any CPU
		{b7c1de49-f13d-4ebe-a459-44a7c01ba1b8}.Release|Any CPU.Build.0 = Release|Any CPU
		{7ac40fae-a8b2-4b9a-8a5c-dc34d5e2dc7f}.Debug|Any CPU.ActiveCfg = Debug|Any CPU
		{7ac40fae-a8b2-4b9a-8a5c-dc34d5e2dc7f}.Debug|Any CPU.Build.0 = Debug|Any CPU
		{7ac40fae-a8b2-4b9a-8a5c-dc34d5e2dc7f}.Release|Any CPU.ActiveCfg = Release|Any CPU
		{7ac40fae-a8b2-4b9a-8a5c-dc34d5e2dc7f}.Release|Any CPU.Build.0 = Release|Any CPU
		{2649f638-4d9a-fccc-7115-6fd42deafe17}.Debug|Any CPU.ActiveCfg = Debug|Any CPU
		{2649f638-4d9a-fccc-7115-6fd42deafe17}.Debug|Any CPU.Build.0 = Debug|Any CPU
		{2649f638-4d9a-fccc-7115-6fd42deafe17}.Release|Any CPU.ActiveCfg = Release|Any CPU
		{2649f638-4d9a-fccc-7115-6fd42deafe17}.Release|Any CPU.Build.0 = Release|Any CPU
	EndGlobalSection
	GlobalSection(SolutionProperties) = preSolution
		HideSolutionNode = FALSE
	EndGlobalSection
EndGlobal
